// !$*UTF8*$!
{
	archiveVersion = 1;
	classes = {
	};
	objectVersion = 50;
	objects = {

/* Begin PBXBuildFile section */
		D1DB7522246A1B6E008A0CEE /* Main.storyboard in Resources */ = {isa = PBXBuildFile; fileRef = D1DB7520246A1B6E008A0CEE /* Main.storyboard */; };
		D1DB7527246A1B6F008A0CEE /* Assets.xcassets in Resources */ = {isa = PBXBuildFile; fileRef = D1DB7526246A1B6F008A0CEE /* Assets.xcassets */; };
		D1DB752A246A1B6F008A0CEE /* LaunchScreen.storyboard in Resources */ = {isa = PBXBuildFile; fileRef = D1DB7528246A1B6F008A0CEE /* LaunchScreen.storyboard */; };
		D1DB7535246A1BEF008A0CEE /* LJError.swift in Sources */ = {isa = PBXBuildFile; fileRef = D1DB7533246A1BEF008A0CEE /* LJError.swift */; };
		D1DB7536246A1BEF008A0CEE /* UIHelper.swift in Sources */ = {isa = PBXBuildFile; fileRef = D1DB7534246A1BEF008A0CEE /* UIHelper.swift */; };
		D1DB7539246A1C02008A0CEE /* NetworkManager.swift in Sources */ = {isa = PBXBuildFile; fileRef = D1DB7538246A1C01008A0CEE /* NetworkManager.swift */; };
		D1DB7541246A1C24008A0CEE /* DataController.swift in Sources */ = {isa = PBXBuildFile; fileRef = D1DB753B246A1C24008A0CEE /* DataController.swift */; };
		D1DB7542246A1C24008A0CEE /* Photo.swift in Sources */ = {isa = PBXBuildFile; fileRef = D1DB753C246A1C24008A0CEE /* Photo.swift */; };
		D1DB7543246A1C24008A0CEE /* VirtualTourist.xcdatamodeld in Sources */ = {isa = PBXBuildFile; fileRef = D1DB753D246A1C24008A0CEE /* VirtualTourist.xcdatamodeld */; };
		D1DB7544246A1C24008A0CEE /* SearchResponse.swift in Sources */ = {isa = PBXBuildFile; fileRef = D1DB753F246A1C24008A0CEE /* SearchResponse.swift */; };
		D1DB7545246A1C24008A0CEE /* Pin.swift in Sources */ = {isa = PBXBuildFile; fileRef = D1DB7540246A1C24008A0CEE /* Pin.swift */; };
		D1DB754C246A1CA5008A0CEE /* LJBodyLabel.swift in Sources */ = {isa = PBXBuildFile; fileRef = D1DB7547246A1CA5008A0CEE /* LJBodyLabel.swift */; };
		D1DB754D246A1CA5008A0CEE /* LJImageView.swift in Sources */ = {isa = PBXBuildFile; fileRef = D1DB7548246A1CA5008A0CEE /* LJImageView.swift */; };
		D1DB754E246A1CA5008A0CEE /* DataLoadingViewController.swift in Sources */ = {isa = PBXBuildFile; fileRef = D1DB7549246A1CA5008A0CEE /* DataLoadingViewController.swift */; };
		D1DB754F246A1CA5008A0CEE /* PhotoAlbumCell.swift in Sources */ = {isa = PBXBuildFile; fileRef = D1DB754A246A1CA5008A0CEE /* PhotoAlbumCell.swift */; };
		D1DB7550246A1CA5008A0CEE /* LJButton.swift in Sources */ = {isa = PBXBuildFile; fileRef = D1DB754B246A1CA5008A0CEE /* LJButton.swift */; };
		D1DB7554246A1CC5008A0CEE /* TravelMapViewController.swift in Sources */ = {isa = PBXBuildFile; fileRef = D1DB7552246A1CC5008A0CEE /* TravelMapViewController.swift */; };
		D1DB7555246A1CC5008A0CEE /* PhotoAlbumViewController.swift in Sources */ = {isa = PBXBuildFile; fileRef = D1DB7553246A1CC5008A0CEE /* PhotoAlbumViewController.swift */; };
		D1DB7558246A1CE9008A0CEE /* AppDelegate.swift in Sources */ = {isa = PBXBuildFile; fileRef = D1DB7556246A1CE9008A0CEE /* AppDelegate.swift */; };
		D1DB7559246A1CE9008A0CEE /* SceneDelegate.swift in Sources */ = {isa = PBXBuildFile; fileRef = D1DB7557246A1CE9008A0CEE /* SceneDelegate.swift */; };
/* End PBXBuildFile section */

/* Begin PBXFileReference section */
		D1DB7517246A1B6E008A0CEE /* VirtualTouristNOSB.app */ = {isa = PBXFileReference; explicitFileType = wrapper.application; includeInIndex = 0; path = VirtualTouristNOSB.app; sourceTree = BUILT_PRODUCTS_DIR; };
		D1DB7521246A1B6E008A0CEE /* Base */ = {isa = PBXFileReference; lastKnownFileType = file.storyboard; name = Base; path = Base.lproj/Main.storyboard; sourceTree = "<group>"; };
		D1DB7526246A1B6F008A0CEE /* Assets.xcassets */ = {isa = PBXFileReference; lastKnownFileType = folder.assetcatalog; path = Assets.xcassets; sourceTree = "<group>"; };
		D1DB7529246A1B6F008A0CEE /* Base */ = {isa = PBXFileReference; lastKnownFileType = file.storyboard; name = Base; path = Base.lproj/LaunchScreen.storyboard; sourceTree = "<group>"; };
		D1DB752B246A1B6F008A0CEE /* Info.plist */ = {isa = PBXFileReference; lastKnownFileType = text.plist.xml; path = Info.plist; sourceTree = "<group>"; };
		D1DB7531246A1BD8008A0CEE /* TestJsonWithRestAPI.playground */ = {isa = PBXFileReference; lastKnownFileType = file.playground; path = TestJsonWithRestAPI.playground; sourceTree = "<group>"; };
		D1DB7533246A1BEF008A0CEE /* LJError.swift */ = {isa = PBXFileReference; fileEncoding = 4; lastKnownFileType = sourcecode.swift; path = LJError.swift; sourceTree = "<group>"; };
		D1DB7534246A1BEF008A0CEE /* UIHelper.swift */ = {isa = PBXFileReference; fileEncoding = 4; lastKnownFileType = sourcecode.swift; path = UIHelper.swift; sourceTree = "<group>"; };
		D1DB7538246A1C01008A0CEE /* NetworkManager.swift */ = {isa = PBXFileReference; fileEncoding = 4; lastKnownFileType = sourcecode.swift; path = NetworkManager.swift; sourceTree = "<group>"; };
		D1DB753B246A1C24008A0CEE /* DataController.swift */ = {isa = PBXFileReference; fileEncoding = 4; lastKnownFileType = sourcecode.swift; path = DataController.swift; sourceTree = "<group>"; };
		D1DB753C246A1C24008A0CEE /* Photo.swift */ = {isa = PBXFileReference; fileEncoding = 4; lastKnownFileType = sourcecode.swift; path = Photo.swift; sourceTree = "<group>"; };
		D1DB753E246A1C24008A0CEE /* VirtualTourist.xcdatamodel */ = {isa = PBXFileReference; lastKnownFileType = wrapper.xcdatamodel; path = VirtualTourist.xcdatamodel; sourceTree = "<group>"; };
		D1DB753F246A1C24008A0CEE /* SearchResponse.swift */ = {isa = PBXFileReference; fileEncoding = 4; lastKnownFileType = sourcecode.swift; path = SearchResponse.swift; sourceTree = "<group>"; };
		D1DB7540246A1C24008A0CEE /* Pin.swift */ = {isa = PBXFileReference; fileEncoding = 4; lastKnownFileType = sourcecode.swift; path = Pin.swift; sourceTree = "<group>"; };
		D1DB7547246A1CA5008A0CEE /* LJBodyLabel.swift */ = {isa = PBXFileReference; fileEncoding = 4; lastKnownFileType = sourcecode.swift; path = LJBodyLabel.swift; sourceTree = "<group>"; };
		D1DB7548246A1CA5008A0CEE /* LJImageView.swift */ = {isa = PBXFileReference; fileEncoding = 4; lastKnownFileType = sourcecode.swift; path = LJImageView.swift; sourceTree = "<group>"; };
		D1DB7549246A1CA5008A0CEE /* DataLoadingViewController.swift */ = {isa = PBXFileReference; fileEncoding = 4; lastKnownFileType = sourcecode.swift; path = DataLoadingViewController.swift; sourceTree = "<group>"; };
		D1DB754A246A1CA5008A0CEE /* PhotoAlbumCell.swift */ = {isa = PBXFileReference; fileEncoding = 4; lastKnownFileType = sourcecode.swift; path = PhotoAlbumCell.swift; sourceTree = "<group>"; };
		D1DB754B246A1CA5008A0CEE /* LJButton.swift */ = {isa = PBXFileReference; fileEncoding = 4; lastKnownFileType = sourcecode.swift; path = LJButton.swift; sourceTree = "<group>"; };
		D1DB7552246A1CC5008A0CEE /* TravelMapViewController.swift */ = {isa = PBXFileReference; fileEncoding = 4; lastKnownFileType = sourcecode.swift; path = TravelMapViewController.swift; sourceTree = "<group>"; };
		D1DB7553246A1CC5008A0CEE /* PhotoAlbumViewController.swift */ = {isa = PBXFileReference; fileEncoding = 4; lastKnownFileType = sourcecode.swift; path = PhotoAlbumViewController.swift; sourceTree = "<group>"; };
		D1DB7556246A1CE9008A0CEE /* AppDelegate.swift */ = {isa = PBXFileReference; fileEncoding = 4; lastKnownFileType = sourcecode.swift; path = AppDelegate.swift; sourceTree = "<group>"; };
		D1DB7557246A1CE9008A0CEE /* SceneDelegate.swift */ = {isa = PBXFileReference; fileEncoding = 4; lastKnownFileType = sourcecode.swift; path = SceneDelegate.swift; sourceTree = "<group>"; };
/* End PBXFileReference section */

/* Begin PBXFrameworksBuildPhase section */
		D1DB7514246A1B6E008A0CEE /* Frameworks */ = {
			isa = PBXFrameworksBuildPhase;
			buildActionMask = 2147483647;
			files = (
			);
			runOnlyForDeploymentPostprocessing = 0;
		};
/* End PBXFrameworksBuildPhase section */

/* Begin PBXGroup section */
		D1DB750E246A1B6E008A0CEE = {
			isa = PBXGroup;
			children = (
				D1DB7519246A1B6E008A0CEE /* VirtualTouristNOSB */,
				D1DB7518246A1B6E008A0CEE /* Products */,
			);
			sourceTree = "<group>";
		};
		D1DB7518246A1B6E008A0CEE /* Products */ = {
			isa = PBXGroup;
			children = (
				D1DB7517246A1B6E008A0CEE /* VirtualTouristNOSB.app */,
			);
			name = Products;
			sourceTree = "<group>";
		};
		D1DB7519246A1B6E008A0CEE /* VirtualTouristNOSB */ = {
			isa = PBXGroup;
			children = (
				D1DB7531246A1BD8008A0CEE /* TestJsonWithRestAPI.playground */,
				D1DB7532246A1BEF008A0CEE /* Utilities */,
				D1DB7537246A1C01008A0CEE /* Managers */,
				D1DB753A246A1C24008A0CEE /* Model */,
				D1DB7546246A1CA5008A0CEE /* Custom Views */,
				D1DB7551246A1CC5008A0CEE /* Screens */,
				D1DB7556246A1CE9008A0CEE /* AppDelegate.swift */,
				D1DB7557246A1CE9008A0CEE /* SceneDelegate.swift */,
				D1DB7520246A1B6E008A0CEE /* Main.storyboard */,
				D1DB7526246A1B6F008A0CEE /* Assets.xcassets */,
				D1DB7528246A1B6F008A0CEE /* LaunchScreen.storyboard */,
				D1DB752B246A1B6F008A0CEE /* Info.plist */,
			);
			path = VirtualTouristNOSB;
			sourceTree = "<group>";
		};
		D1DB7532246A1BEF008A0CEE /* Utilities */ = {
			isa = PBXGroup;
			children = (
				D1DB7533246A1BEF008A0CEE /* LJError.swift */,
				D1DB7534246A1BEF008A0CEE /* UIHelper.swift */,
			);
			path = Utilities;
			sourceTree = "<group>";
		};
		D1DB7537246A1C01008A0CEE /* Managers */ = {
			isa = PBXGroup;
			children = (
				D1DB7538246A1C01008A0CEE /* NetworkManager.swift */,
			);
			path = Managers;
			sourceTree = "<group>";
		};
		D1DB753A246A1C24008A0CEE /* Model */ = {
			isa = PBXGroup;
			children = (
				D1DB753B246A1C24008A0CEE /* DataController.swift */,
				D1DB753C246A1C24008A0CEE /* Photo.swift */,
				D1DB753D246A1C24008A0CEE /* VirtualTourist.xcdatamodeld */,
				D1DB753F246A1C24008A0CEE /* SearchResponse.swift */,
				D1DB7540246A1C24008A0CEE /* Pin.swift */,
			);
			path = Model;
			sourceTree = "<group>";
		};
		D1DB7546246A1CA5008A0CEE /* Custom Views */ = {
			isa = PBXGroup;
			children = (
				D1DB7547246A1CA5008A0CEE /* LJBodyLabel.swift */,
				D1DB7548246A1CA5008A0CEE /* LJImageView.swift */,
				D1DB7549246A1CA5008A0CEE /* DataLoadingViewController.swift */,
				D1DB754A246A1CA5008A0CEE /* PhotoAlbumCell.swift */,
				D1DB754B246A1CA5008A0CEE /* LJButton.swift */,
			);
			path = "Custom Views";
			sourceTree = "<group>";
		};
		D1DB7551246A1CC5008A0CEE /* Screens */ = {
			isa = PBXGroup;
			children = (
				D1DB7552246A1CC5008A0CEE /* TravelMapViewController.swift */,
				D1DB7553246A1CC5008A0CEE /* PhotoAlbumViewController.swift */,
			);
			path = Screens;
			sourceTree = "<group>";
		};
/* End PBXGroup section */

/* Begin PBXNativeTarget section */
		D1DB7516246A1B6E008A0CEE /* VirtualTouristNOSB */ = {
			isa = PBXNativeTarget;
			buildConfigurationList = D1DB752E246A1B6F008A0CEE /* Build configuration list for PBXNativeTarget "VirtualTouristNOSB" */;
			buildPhases = (
				D1DB7513246A1B6E008A0CEE /* Sources */,
				D1DB7514246A1B6E008A0CEE /* Frameworks */,
				D1DB7515246A1B6E008A0CEE /* Resources */,
			);
			buildRules = (
			);
			dependencies = (
			);
			name = VirtualTouristNOSB;
			productName = VirtualTouristNOSB;
			productReference = D1DB7517246A1B6E008A0CEE /* VirtualTouristNOSB.app */;
			productType = "com.apple.product-type.application";
		};
/* End PBXNativeTarget section */

/* Begin PBXProject section */
		D1DB750F246A1B6E008A0CEE /* Project object */ = {
			isa = PBXProject;
			attributes = {
				LastSwiftUpdateCheck = 1120;
				LastUpgradeCheck = 1120;
				ORGANIZATIONNAME = "LALIT JAGTAP";
				TargetAttributes = {
					D1DB7516246A1B6E008A0CEE = {
						CreatedOnToolsVersion = 11.2.1;
					};
				};
			};
			buildConfigurationList = D1DB7512246A1B6E008A0CEE /* Build configuration list for PBXProject "VirtualTouristNOSB" */;
			compatibilityVersion = "Xcode 9.3";
			developmentRegion = en;
			hasScannedForEncodings = 0;
			knownRegions = (
				en,
				Base,
			);
			mainGroup = D1DB750E246A1B6E008A0CEE;
			productRefGroup = D1DB7518246A1B6E008A0CEE /* Products */;
			projectDirPath = "";
			projectRoot = "";
			targets = (
				D1DB7516246A1B6E008A0CEE /* VirtualTouristNOSB */,
			);
		};
/* End PBXProject section */

/* Begin PBXResourcesBuildPhase section */
		D1DB7515246A1B6E008A0CEE /* Resources */ = {
			isa = PBXResourcesBuildPhase;
			buildActionMask = 2147483647;
			files = (
				D1DB752A246A1B6F008A0CEE /* LaunchScreen.storyboard in Resources */,
				D1DB7527246A1B6F008A0CEE /* Assets.xcassets in Resources */,
				D1DB7522246A1B6E008A0CEE /* Main.storyboard in Resources */,
			);
			runOnlyForDeploymentPostprocessing = 0;
		};
/* End PBXResourcesBuildPhase section */

/* Begin PBXSourcesBuildPhase section */
		D1DB7513246A1B6E008A0CEE /* Sources */ = {
			isa = PBXSourcesBuildPhase;
			buildActionMask = 2147483647;
			files = (
				D1DB754C246A1CA5008A0CEE /* LJBodyLabel.swift in Sources */,
				D1DB754E246A1CA5008A0CEE /* DataLoadingViewController.swift in Sources */,
				D1DB7545246A1C24008A0CEE /* Pin.swift in Sources */,
				D1DB7542246A1C24008A0CEE /* Photo.swift in Sources */,
				D1DB7554246A1CC5008A0CEE /* TravelMapViewController.swift in Sources */,
				D1DB7539246A1C02008A0CEE /* NetworkManager.swift in Sources */,
				D1DB754F246A1CA5008A0CEE /* PhotoAlbumCell.swift in Sources */,
				D1DB754D246A1CA5008A0CEE /* LJImageView.swift in Sources */,
				D1DB7555246A1CC5008A0CEE /* PhotoAlbumViewController.swift in Sources */,
				D1DB7544246A1C24008A0CEE /* SearchResponse.swift in Sources */,
				D1DB7559246A1CE9008A0CEE /* SceneDelegate.swift in Sources */,
				D1DB7550246A1CA5008A0CEE /* LJButton.swift in Sources */,
				D1DB7543246A1C24008A0CEE /* VirtualTourist.xcdatamodeld in Sources */,
				D1DB7541246A1C24008A0CEE /* DataController.swift in Sources */,
				D1DB7535246A1BEF008A0CEE /* LJError.swift in Sources */,
				D1DB7558246A1CE9008A0CEE /* AppDelegate.swift in Sources */,
				D1DB7536246A1BEF008A0CEE /* UIHelper.swift in Sources */,
			);
			runOnlyForDeploymentPostprocessing = 0;
		};
/* End PBXSourcesBuildPhase section */

/* Begin PBXVariantGroup section */
		D1DB7520246A1B6E008A0CEE /* Main.storyboard */ = {
			isa = PBXVariantGroup;
			children = (
				D1DB7521246A1B6E008A0CEE /* Base */,
			);
			name = Main.storyboard;
			sourceTree = "<group>";
		};
		D1DB7528246A1B6F008A0CEE /* LaunchScreen.storyboard */ = {
			isa = PBXVariantGroup;
			children = (
				D1DB7529246A1B6F008A0CEE /* Base */,
			);
			name = LaunchScreen.storyboard;
			sourceTree = "<group>";
		};
/* End PBXVariantGroup section */

/* Begin XCBuildConfiguration section */
		D1DB752C246A1B6F008A0CEE /* Debug */ = {
			isa = XCBuildConfiguration;
			buildSettings = {
				ALWAYS_SEARCH_USER_PATHS = NO;
				CLANG_ANALYZER_NONNULL = YES;
				CLANG_ANALYZER_NUMBER_OBJECT_CONVERSION = YES_AGGRESSIVE;
				CLANG_CXX_LANGUAGE_STANDARD = "gnu++14";
				CLANG_CXX_LIBRARY = "libc++";
				CLANG_ENABLE_MODULES = YES;
				CLANG_ENABLE_OBJC_ARC = YES;
				CLANG_ENABLE_OBJC_WEAK = YES;
				CLANG_WARN_BLOCK_CAPTURE_AUTORELEASING = YES;
				CLANG_WARN_BOOL_CONVERSION = YES;
				CLANG_WARN_COMMA = YES;
				CLANG_WARN_CONSTANT_CONVERSION = YES;
				CLANG_WARN_DEPRECATED_OBJC_IMPLEMENTATIONS = YES;
				CLANG_WARN_DIRECT_OBJC_ISA_USAGE = YES_ERROR;
				CLANG_WARN_DOCUMENTATION_COMMENTS = YES;
				CLANG_WARN_EMPTY_BODY = YES;
				CLANG_WARN_ENUM_CONVERSION = YES;
				CLANG_WARN_INFINITE_RECURSION = YES;
				CLANG_WARN_INT_CONVERSION = YES;
				CLANG_WARN_NON_LITERAL_NULL_CONVERSION = YES;
				CLANG_WARN_OBJC_IMPLICIT_RETAIN_SELF = YES;
				CLANG_WARN_OBJC_LITERAL_CONVERSION = YES;
				CLANG_WARN_OBJC_ROOT_CLASS = YES_ERROR;
				CLANG_WARN_RANGE_LOOP_ANALYSIS = YES;
				CLANG_WARN_STRICT_PROTOTYPES = YES;
				CLANG_WARN_SUSPICIOUS_MOVE = YES;
				CLANG_WARN_UNGUARDED_AVAILABILITY = YES_AGGRESSIVE;
				CLANG_WARN_UNREACHABLE_CODE = YES;
				CLANG_WARN__DUPLICATE_METHOD_MATCH = YES;
				COPY_PHASE_STRIP = NO;
				DEBUG_INFORMATION_FORMAT = dwarf;
				ENABLE_STRICT_OBJC_MSGSEND = YES;
				ENABLE_TESTABILITY = YES;
				GCC_C_LANGUAGE_STANDARD = gnu11;
				GCC_DYNAMIC_NO_PIC = NO;
				GCC_NO_COMMON_BLOCKS = YES;
				GCC_OPTIMIZATION_LEVEL = 0;
				GCC_PREPROCESSOR_DEFINITIONS = (
					"DEBUG=1",
					"$(inherited)",
				);
				GCC_WARN_64_TO_32_BIT_CONVERSION = YES;
				GCC_WARN_ABOUT_RETURN_TYPE = YES_ERROR;
				GCC_WARN_UNDECLARED_SELECTOR = YES;
				GCC_WARN_UNINITIALIZED_AUTOS = YES_AGGRESSIVE;
				GCC_WARN_UNUSED_FUNCTION = YES;
				GCC_WARN_UNUSED_VARIABLE = YES;
				IPHONEOS_DEPLOYMENT_TARGET = 13.2;
				MTL_ENABLE_DEBUG_INFO = INCLUDE_SOURCE;
				MTL_FAST_MATH = YES;
				ONLY_ACTIVE_ARCH = YES;
				SDKROOT = iphoneos;
				SWIFT_ACTIVE_COMPILATION_CONDITIONS = DEBUG;
				SWIFT_OPTIMIZATION_LEVEL = "-Onone";
			};
			name = Debug;
		};
		D1DB752D246A1B6F008A0CEE /* Release */ = {
			isa = XCBuildConfiguration;
			buildSettings = {
				ALWAYS_SEARCH_USER_PATHS = NO;
				CLANG_ANALYZER_NONNULL = YES;
				CLANG_ANALYZER_NUMBER_OBJECT_CONVERSION = YES_AGGRESSIVE;
				CLANG_CXX_LANGUAGE_STANDARD = "gnu++14";
				CLANG_CXX_LIBRARY = "libc++";
				CLANG_ENABLE_MODULES = YES;
				CLANG_ENABLE_OBJC_ARC = YES;
				CLANG_ENABLE_OBJC_WEAK = YES;
				CLANG_WARN_BLOCK_CAPTURE_AUTORELEASING = YES;
				CLANG_WARN_BOOL_CONVERSION = YES;
				CLANG_WARN_COMMA = YES;
				CLANG_WARN_CONSTANT_CONVERSION = YES;
				CLANG_WARN_DEPRECATED_OBJC_IMPLEMENTATIONS = YES;
				CLANG_WARN_DIRECT_OBJC_ISA_USAGE = YES_ERROR;
				CLANG_WARN_DOCUMENTATION_COMMENTS = YES;
				CLANG_WARN_EMPTY_BODY = YES;
				CLANG_WARN_ENUM_CONVERSION = YES;
				CLANG_WARN_INFINITE_RECURSION = YES;
				CLANG_WARN_INT_CONVERSION = YES;
				CLANG_WARN_NON_LITERAL_NULL_CONVERSION = YES;
				CLANG_WARN_OBJC_IMPLICIT_RETAIN_SELF = YES;
				CLANG_WARN_OBJC_LITERAL_CONVERSION = YES;
				CLANG_WARN_OBJC_ROOT_CLASS = YES_ERROR;
				CLANG_WARN_RANGE_LOOP_ANALYSIS = YES;
				CLANG_WARN_STRICT_PROTOTYPES = YES;
				CLANG_WARN_SUSPICIOUS_MOVE = YES;
				CLANG_WARN_UNGUARDED_AVAILABILITY = YES_AGGRESSIVE;
				CLANG_WARN_UNREACHABLE_CODE = YES;
				CLANG_WARN__DUPLICATE_METHOD_MATCH = YES;
				COPY_PHASE_STRIP = NO;
				DEBUG_INFORMATION_FORMAT = "dwarf-with-dsym";
				ENABLE_NS_ASSERTIONS = NO;
				ENABLE_STRICT_OBJC_MSGSEND = YES;
				GCC_C_LANGUAGE_STANDARD = gnu11;
				GCC_NO_COMMON_BLOCKS = YES;
				GCC_WARN_64_TO_32_BIT_CONVERSION = YES;
				GCC_WARN_ABOUT_RETURN_TYPE = YES_ERROR;
				GCC_WARN_UNDECLARED_SELECTOR = YES;
				GCC_WARN_UNINITIALIZED_AUTOS = YES_AGGRESSIVE;
				GCC_WARN_UNUSED_FUNCTION = YES;
				GCC_WARN_UNUSED_VARIABLE = YES;
				IPHONEOS_DEPLOYMENT_TARGET = 13.2;
				MTL_ENABLE_DEBUG_INFO = NO;
				MTL_FAST_MATH = YES;
				SDKROOT = iphoneos;
				SWIFT_COMPILATION_MODE = wholemodule;
				SWIFT_OPTIMIZATION_LEVEL = "-O";
				VALIDATE_PRODUCT = YES;
			};
			name = Release;
		};
		D1DB752F246A1B6F008A0CEE /* Debug */ = {
			isa = XCBuildConfiguration;
			buildSettings = {
				ASSETCATALOG_COMPILER_APPICON_NAME = AppIcon;
				CODE_SIGN_STYLE = Automatic;
				DEVELOPMENT_TEAM = E2T7T7WYNN;
				INFOPLIST_FILE = VirtualTouristNOSB/Info.plist;
				LD_RUNPATH_SEARCH_PATHS = (
					"$(inherited)",
					"@executable_path/Frameworks",
				);
				PRODUCT_BUNDLE_IDENTIFIER = com.jagtap.lalit.VirtualTouristNOSB;
				PRODUCT_NAME = "$(TARGET_NAME)";
				SWIFT_VERSION = 5.0;
				TARGETED_DEVICE_FAMILY = "1,2";
			};
			name = Debug;
		};
		D1DB7530246A1B6F008A0CEE /* Release */ = {
			isa = XCBuildConfiguration;
			buildSettings = {
				ASSETCATALOG_COMPILER_APPICON_NAME = AppIcon;
				CODE_SIGN_STYLE = Automatic;
				DEVELOPMENT_TEAM = E2T7T7WYNN;
				INFOPLIST_FILE = VirtualTouristNOSB/Info.plist;
				LD_RUNPATH_SEARCH_PATHS = (
					"$(inherited)",
					"@executable_path/Frameworks",
				);
				PRODUCT_BUNDLE_IDENTIFIER = com.jagtap.lalit.VirtualTouristNOSB;
				PRODUCT_NAME = "$(TARGET_NAME)";
				SWIFT_VERSION = 5.0;
				TARGETED_DEVICE_FAMILY = "1,2";
			};
			name = Release;
		};
/* End XCBuildConfiguration section */

/* Begin XCConfigurationList section */
		D1DB7512246A1B6E008A0CEE /* Build configuration list for PBXProject "VirtualTouristNOSB" */ = {
			isa = XCConfigurationList;
			buildConfigurations = (
				D1DB752C246A1B6F008A0CEE /* Debug */,
				D1DB752D246A1B6F008A0CEE /* Release */,
			);
			defaultConfigurationIsVisible = 0;
			defaultConfigurationName = Release;
		};
		D1DB752E246A1B6F008A0CEE /* Build configuration list for PBXNativeTarget "VirtualTouristNOSB" */ = {
			isa = XCConfigurationList;
			buildConfigurations = (
				D1DB752F246A1B6F008A0CEE /* Debug */,
				D1DB7530246A1B6F008A0CEE /* Release */,
			);
			defaultConfigurationIsVisible = 0;
			defaultConfigurationName = Release;
		};
/* End XCConfigurationList section */

/* Begin XCVersionGroup section */
		D1DB753D246A1C24008A0CEE /* VirtualTourist.xcdatamodeld */ = {
			isa = XCVersionGroup;
			children = (
				D1DB753E246A1C24008A0CEE /* VirtualTourist.xcdatamodel */,
			);
			currentVersion = D1DB753E246A1C24008A0CEE /* VirtualTourist.xcdatamodel */;
			path = VirtualTourist.xcdatamodeld;
			sourceTree = "<group>";
			versionGroupType = wrapper.xcdatamodel;
		};
/* End XCVersionGroup section */
	};
	rootObject = D1DB750F246A1B6E008A0CEE /* Project object */;
}
